// !$*UTF8*$!
{
	archiveVersion = 1;
	classes = {
	};
	objectVersion = 50;
	objects = {

/* Begin PBXBuildFile section */
		D61BE8E625E9077C00633D32 /* AppDelegate.swift in Sources */ = {isa = PBXBuildFile; fileRef = D61BE8E525E9077C00633D32 /* AppDelegate.swift */; };
		D61BE8E825E9077C00633D32 /* SceneDelegate.swift in Sources */ = {isa = PBXBuildFile; fileRef = D61BE8E725E9077C00633D32 /* SceneDelegate.swift */; };
		D61BE8EA25E9077C00633D32 /* LoginVC.swift in Sources */ = {isa = PBXBuildFile; fileRef = D61BE8E925E9077C00633D32 /* LoginVC.swift */; };
		D61BE8ED25E9077C00633D32 /* Main.storyboard in Resources */ = {isa = PBXBuildFile; fileRef = D61BE8EB25E9077C00633D32 /* Main.storyboard */; };
		D61BE8EF25E9077F00633D32 /* Assets.xcassets in Resources */ = {isa = PBXBuildFile; fileRef = D61BE8EE25E9077F00633D32 /* Assets.xcassets */; };
		D61BE8F225E9077F00633D32 /* LaunchScreen.storyboard in Resources */ = {isa = PBXBuildFile; fileRef = D61BE8F025E9077F00633D32 /* LaunchScreen.storyboard */; };
		D61BE8FD25E9077F00633D32 /* Demo1Tests.swift in Sources */ = {isa = PBXBuildFile; fileRef = D61BE8FC25E9077F00633D32 /* Demo1Tests.swift */; };
		D61BE90825E9077F00633D32 /* Demo1UITests.swift in Sources */ = {isa = PBXBuildFile; fileRef = D61BE90725E9077F00633D32 /* Demo1UITests.swift */; };
		D61BE91E25E90A3D00633D32 /* ScreenOneVC.swift in Sources */ = {isa = PBXBuildFile; fileRef = D61BE91D25E90A3D00633D32 /* ScreenOneVC.swift */; };
		D61BE92625E90A4800633D32 /* ScreenTwoVC.swift in Sources */ = {isa = PBXBuildFile; fileRef = D61BE92525E90A4800633D32 /* ScreenTwoVC.swift */; };
		D61BE92F25E90A6F00633D32 /* DashboardVC.swift in Sources */ = {isa = PBXBuildFile; fileRef = D61BE92E25E90A6F00633D32 /* DashboardVC.swift */; };
		D61BE93825E90A9500633D32 /* OnboardingVC.swift in Sources */ = {isa = PBXBuildFile; fileRef = D61BE93725E90A9500633D32 /* OnboardingVC.swift */; };
/* End PBXBuildFile section */

/* Begin PBXContainerItemProxy section */
		D61BE8F925E9077F00633D32 /* PBXContainerItemProxy */ = {
			isa = PBXContainerItemProxy;
			containerPortal = D61BE8DA25E9077C00633D32 /* Project object */;
			proxyType = 1;
			remoteGlobalIDString = D61BE8E125E9077C00633D32;
			remoteInfo = Demo1;
		};
		D61BE90425E9077F00633D32 /* PBXContainerItemProxy */ = {
			isa = PBXContainerItemProxy;
			containerPortal = D61BE8DA25E9077C00633D32 /* Project object */;
			proxyType = 1;
			remoteGlobalIDString = D61BE8E125E9077C00633D32;
			remoteInfo = Demo1;
		};
/* End PBXContainerItemProxy section */

/* Begin PBXFileReference section */
		D61BE8E225E9077C00633D32 /* Demo1.app */ = {isa = PBXFileReference; explicitFileType = wrapper.application; includeInIndex = 0; path = Demo1.app; sourceTree = BUILT_PRODUCTS_DIR; };
		D61BE8E525E9077C00633D32 /* AppDelegate.swift */ = {isa = PBXFileReference; lastKnownFileType = sourcecode.swift; path = AppDelegate.swift; sourceTree = "<group>"; };
		D61BE8E725E9077C00633D32 /* SceneDelegate.swift */ = {isa = PBXFileReference; lastKnownFileType = sourcecode.swift; path = SceneDelegate.swift; sourceTree = "<group>"; };
		D61BE8E925E9077C00633D32 /* LoginVC.swift */ = {isa = PBXFileReference; lastKnownFileType = sourcecode.swift; path = LoginVC.swift; sourceTree = "<group>"; };
		D61BE8EC25E9077C00633D32 /* Base */ = {isa = PBXFileReference; lastKnownFileType = file.storyboard; name = Base; path = Base.lproj/Main.storyboard; sourceTree = "<group>"; };
		D61BE8EE25E9077F00633D32 /* Assets.xcassets */ = {isa = PBXFileReference; lastKnownFileType = folder.assetcatalog; path = Assets.xcassets; sourceTree = "<group>"; };
		D61BE8F125E9077F00633D32 /* Base */ = {isa = PBXFileReference; lastKnownFileType = file.storyboard; name = Base; path = Base.lproj/LaunchScreen.storyboard; sourceTree = "<group>"; };
		D61BE8F325E9077F00633D32 /* Info.plist */ = {isa = PBXFileReference; lastKnownFileType = text.plist.xml; path = Info.plist; sourceTree = "<group>"; };
		D61BE8F825E9077F00633D32 /* Demo1Tests.xctest */ = {isa = PBXFileReference; explicitFileType = wrapper.cfbundle; includeInIndex = 0; path = Demo1Tests.xctest; sourceTree = BUILT_PRODUCTS_DIR; };
		D61BE8FC25E9077F00633D32 /* Demo1Tests.swift */ = {isa = PBXFileReference; lastKnownFileType = sourcecode.swift; path = Demo1Tests.swift; sourceTree = "<group>"; };
		D61BE8FE25E9077F00633D32 /* Info.plist */ = {isa = PBXFileReference; lastKnownFileType = text.plist.xml; path = Info.plist; sourceTree = "<group>"; };
		D61BE90325E9077F00633D32 /* Demo1UITests.xctest */ = {isa = PBXFileReference; explicitFileType = wrapper.cfbundle; includeInIndex = 0; path = Demo1UITests.xctest; sourceTree = BUILT_PRODUCTS_DIR; };
		D61BE90725E9077F00633D32 /* Demo1UITests.swift */ = {isa = PBXFileReference; lastKnownFileType = sourcecode.swift; path = Demo1UITests.swift; sourceTree = "<group>"; };
		D61BE90925E9077F00633D32 /* Info.plist */ = {isa = PBXFileReference; lastKnownFileType = text.plist.xml; path = Info.plist; sourceTree = "<group>"; };
		D61BE91D25E90A3D00633D32 /* ScreenOneVC.swift */ = {isa = PBXFileReference; lastKnownFileType = sourcecode.swift; path = ScreenOneVC.swift; sourceTree = "<group>"; };
		D61BE92525E90A4800633D32 /* ScreenTwoVC.swift */ = {isa = PBXFileReference; lastKnownFileType = sourcecode.swift; path = ScreenTwoVC.swift; sourceTree = "<group>"; };
		D61BE92E25E90A6F00633D32 /* DashboardVC.swift */ = {isa = PBXFileReference; lastKnownFileType = sourcecode.swift; path = DashboardVC.swift; sourceTree = "<group>"; };
		D61BE93725E90A9500633D32 /* OnboardingVC.swift */ = {isa = PBXFileReference; lastKnownFileType = sourcecode.swift; path = OnboardingVC.swift; sourceTree = "<group>"; };
/* End PBXFileReference section */

/* Begin PBXFrameworksBuildPhase section */
		D61BE8DF25E9077C00633D32 /* Frameworks */ = {
			isa = PBXFrameworksBuildPhase;
			buildActionMask = 2147483647;
			files = (
			);
			runOnlyForDeploymentPostprocessing = 0;
		};
		D61BE8F525E9077F00633D32 /* Frameworks */ = {
			isa = PBXFrameworksBuildPhase;
			buildActionMask = 2147483647;
			files = (
			);
			runOnlyForDeploymentPostprocessing = 0;
		};
		D61BE90025E9077F00633D32 /* Frameworks */ = {
			isa = PBXFrameworksBuildPhase;
			buildActionMask = 2147483647;
			files = (
			);
			runOnlyForDeploymentPostprocessing = 0;
		};
/* End PBXFrameworksBuildPhase section */

/* Begin PBXGroup section */
		D61BE8D925E9077C00633D32 = {
			isa = PBXGroup;
			children = (
				D61BE8E425E9077C00633D32 /* Demo1 */,
				D61BE8FB25E9077F00633D32 /* Demo1Tests */,
				D61BE90625E9077F00633D32 /* Demo1UITests */,
				D61BE8E325E9077C00633D32 /* Products */,
			);
			sourceTree = "<group>";
		};
		D61BE8E325E9077C00633D32 /* Products */ = {
			isa = PBXGroup;
			children = (
				D61BE8E225E9077C00633D32 /* Demo1.app */,
				D61BE8F825E9077F00633D32 /* Demo1Tests.xctest */,
				D61BE90325E9077F00633D32 /* Demo1UITests.xctest */,
			);
			name = Products;
			sourceTree = "<group>";
		};
		D61BE8E425E9077C00633D32 /* Demo1 */ = {
			isa = PBXGroup;
			children = (
				D61BE8E525E9077C00633D32 /* AppDelegate.swift */,
				D61BE8E725E9077C00633D32 /* SceneDelegate.swift */,
				D61BE93625E90A7E00633D32 /* Onboarding */,
				D61BE91C25E90A2700633D32 /* Registration */,
				D61BE91825E90A1C00633D32 /* Login */,
				D61BE92D25E90A6000633D32 /* Dashboard */,
				D61BE8EB25E9077C00633D32 /* Main.storyboard */,
				D61BE8EE25E9077F00633D32 /* Assets.xcassets */,
				D61BE8F025E9077F00633D32 /* LaunchScreen.storyboard */,
				D61BE8F325E9077F00633D32 /* Info.plist */,
			);
			path = Demo1;
			sourceTree = "<group>";
		};
		D61BE8FB25E9077F00633D32 /* Demo1Tests */ = {
			isa = PBXGroup;
			children = (
				D61BE8FC25E9077F00633D32 /* Demo1Tests.swift */,
				D61BE8FE25E9077F00633D32 /* Info.plist */,
			);
			path = Demo1Tests;
			sourceTree = "<group>";
		};
		D61BE90625E9077F00633D32 /* Demo1UITests */ = {
			isa = PBXGroup;
			children = (
				D61BE90725E9077F00633D32 /* Demo1UITests.swift */,
				D61BE90925E9077F00633D32 /* Info.plist */,
			);
			path = Demo1UITests;
			sourceTree = "<group>";
		};
		D61BE91825E90A1C00633D32 /* Login */ = {
			isa = PBXGroup;
			children = (
				D61BE8E925E9077C00633D32 /* LoginVC.swift */,
			);
			path = Login;
			sourceTree = "<group>";
		};
		D61BE91C25E90A2700633D32 /* Registration */ = {
			isa = PBXGroup;
			children = (
				D61BE91D25E90A3D00633D32 /* ScreenOneVC.swift */,
				D61BE92525E90A4800633D32 /* ScreenTwoVC.swift */,
			);
			path = Registration;
			sourceTree = "<group>";
		};
		D61BE92D25E90A6000633D32 /* Dashboard */ = {
			isa = PBXGroup;
			children = (
				D61BE92E25E90A6F00633D32 /* DashboardVC.swift */,
			);
			path = Dashboard;
			sourceTree = "<group>";
		};
		D61BE93625E90A7E00633D32 /* Onboarding */ = {
			isa = PBXGroup;
			children = (
				D61BE93725E90A9500633D32 /* OnboardingVC.swift */,
			);
			path = Onboarding;
			sourceTree = "<group>";
		};
/* End PBXGroup section */

/* Begin PBXNativeTarget section */
		D61BE8E125E9077C00633D32 /* Demo1 */ = {
			isa = PBXNativeTarget;
			buildConfigurationList = D61BE90C25E9077F00633D32 /* Build configuration list for PBXNativeTarget "Demo1" */;
			buildPhases = (
				D61BE8DE25E9077C00633D32 /* Sources */,
				D61BE8DF25E9077C00633D32 /* Frameworks */,
				D61BE8E025E9077C00633D32 /* Resources */,
			);
			buildRules = (
			);
			dependencies = (
			);
			name = Demo1;
			productName = Demo1;
			productReference = D61BE8E225E9077C00633D32 /* Demo1.app */;
			productType = "com.apple.product-type.application";
		};
		D61BE8F725E9077F00633D32 /* Demo1Tests */ = {
			isa = PBXNativeTarget;
			buildConfigurationList = D61BE90F25E9077F00633D32 /* Build configuration list for PBXNativeTarget "Demo1Tests" */;
			buildPhases = (
				D61BE8F425E9077F00633D32 /* Sources */,
				D61BE8F525E9077F00633D32 /* Frameworks */,
				D61BE8F625E9077F00633D32 /* Resources */,
			);
			buildRules = (
			);
			dependencies = (
				D61BE8FA25E9077F00633D32 /* PBXTargetDependency */,
			);
			name = Demo1Tests;
			productName = Demo1Tests;
			productReference = D61BE8F825E9077F00633D32 /* Demo1Tests.xctest */;
			productType = "com.apple.product-type.bundle.unit-test";
		};
		D61BE90225E9077F00633D32 /* Demo1UITests */ = {
			isa = PBXNativeTarget;
			buildConfigurationList = D61BE91225E9077F00633D32 /* Build configuration list for PBXNativeTarget "Demo1UITests" */;
			buildPhases = (
				D61BE8FF25E9077F00633D32 /* Sources */,
				D61BE90025E9077F00633D32 /* Frameworks */,
				D61BE90125E9077F00633D32 /* Resources */,
			);
			buildRules = (
			);
			dependencies = (
				D61BE90525E9077F00633D32 /* PBXTargetDependency */,
			);
			name = Demo1UITests;
			productName = Demo1UITests;
			productReference = D61BE90325E9077F00633D32 /* Demo1UITests.xctest */;
			productType = "com.apple.product-type.bundle.ui-testing";
		};
/* End PBXNativeTarget section */

/* Begin PBXProject section */
		D61BE8DA25E9077C00633D32 /* Project object */ = {
			isa = PBXProject;
			attributes = {
				LastSwiftUpdateCheck = 1240;
				LastUpgradeCheck = 1240;
				TargetAttributes = {
					D61BE8E125E9077C00633D32 = {
						CreatedOnToolsVersion = 12.4;
					};
					D61BE8F725E9077F00633D32 = {
						CreatedOnToolsVersion = 12.4;
						TestTargetID = D61BE8E125E9077C00633D32;
					};
					D61BE90225E9077F00633D32 = {
						CreatedOnToolsVersion = 12.4;
						TestTargetID = D61BE8E125E9077C00633D32;
					};
				};
			};
			buildConfigurationList = D61BE8DD25E9077C00633D32 /* Build configuration list for PBXProject "Demo1" */;
			compatibilityVersion = "Xcode 9.3";
			developmentRegion = en;
			hasScannedForEncodings = 0;
			knownRegions = (
				en,
				Base,
			);
			mainGroup = D61BE8D925E9077C00633D32;
			productRefGroup = D61BE8E325E9077C00633D32 /* Products */;
			projectDirPath = "";
			projectRoot = "";
			targets = (
				D61BE8E125E9077C00633D32 /* Demo1 */,
				D61BE8F725E9077F00633D32 /* Demo1Tests */,
				D61BE90225E9077F00633D32 /* Demo1UITests */,
			);
		};
/* End PBXProject section */

/* Begin PBXResourcesBuildPhase section */
		D61BE8E025E9077C00633D32 /* Resources */ = {
			isa = PBXResourcesBuildPhase;
			buildActionMask = 2147483647;
			files = (
				D61BE8F225E9077F00633D32 /* LaunchScreen.storyboard in Resources */,
				D61BE8EF25E9077F00633D32 /* Assets.xcassets in Resources */,
				D61BE8ED25E9077C00633D32 /* Main.storyboard in Resources */,
			);
			runOnlyForDeploymentPostprocessing = 0;
		};
		D61BE8F625E9077F00633D32 /* Resources */ = {
			isa = PBXResourcesBuildPhase;
			buildActionMask = 2147483647;
			files = (
			);
			runOnlyForDeploymentPostprocessing = 0;
		};
		D61BE90125E9077F00633D32 /* Resources */ = {
			isa = PBXResourcesBuildPhase;
			buildActionMask = 2147483647;
			files = (
			);
			runOnlyForDeploymentPostprocessing = 0;
		};
/* End PBXResourcesBuildPhase section */

/* Begin PBXSourcesBuildPhase section */
		D61BE8DE25E9077C00633D32 /* Sources */ = {
			isa = PBXSourcesBuildPhase;
			buildActionMask = 2147483647;
			files = (
				D61BE8EA25E9077C00633D32 /* LoginVC.swift in Sources */,
				D61BE92F25E90A6F00633D32 /* DashboardVC.swift in Sources */,
				D61BE8E625E9077C00633D32 /* AppDelegate.swift in Sources */,
				D61BE8E825E9077C00633D32 /* SceneDelegate.swift in Sources */,
				D61BE92625E90A4800633D32 /* ScreenTwoVC.swift in Sources */,
				D61BE91E25E90A3D00633D32 /* ScreenOneVC.swift in Sources */,
				D61BE93825E90A9500633D32 /* OnboardingVC.swift in Sources */,
			);
			runOnlyForDeploymentPostprocessing = 0;
		};
		D61BE8F425E9077F00633D32 /* Sources */ = {
			isa = PBXSourcesBuildPhase;
			buildActionMask = 2147483647;
			files = (
				D61BE8FD25E9077F00633D32 /* Demo1Tests.swift in Sources */,
			);
			runOnlyForDeploymentPostprocessing = 0;
		};
		D61BE8FF25E9077F00633D32 /* Sources */ = {
			isa = PBXSourcesBuildPhase;
			buildActionMask = 2147483647;
			files = (
				D61BE90825E9077F00633D32 /* Demo1UITests.swift in Sources */,
			);
			runOnlyForDeploymentPostprocessing = 0;
		};
/* End PBXSourcesBuildPhase section */

/* Begin PBXTargetDependency section */
		D61BE8FA25E9077F00633D32 /* PBXTargetDependency */ = {
			isa = PBXTargetDependency;
			target = D61BE8E125E9077C00633D32 /* Demo1 */;
			targetProxy = D61BE8F925E9077F00633D32 /* PBXContainerItemProxy */;
		};
		D61BE90525E9077F00633D32 /* PBXTargetDependency */ = {
			isa = PBXTargetDependency;
			target = D61BE8E125E9077C00633D32 /* Demo1 */;
			targetProxy = D61BE90425E9077F00633D32 /* PBXContainerItemProxy */;
		};
/* End PBXTargetDependency section */

/* Begin PBXVariantGroup section */
		D61BE8EB25E9077C00633D32 /* Main.storyboard */ = {
			isa = PBXVariantGroup;
			children = (
				D61BE8EC25E9077C00633D32 /* Base */,
			);
			name = Main.storyboard;
			sourceTree = "<group>";
		};
		D61BE8F025E9077F00633D32 /* LaunchScreen.storyboard */ = {
			isa = PBXVariantGroup;
			children = (
				D61BE8F125E9077F00633D32 /* Base */,
			);
			name = LaunchScreen.storyboard;
			sourceTree = "<group>";
		};
/* End PBXVariantGroup section */

/* Begin XCBuildConfiguration section */
		D61BE90A25E9077F00633D32 /* Debug */ = {
			isa = XCBuildConfiguration;
			buildSettings = {
				ALWAYS_SEARCH_USER_PATHS = NO;
				CLANG_ANALYZER_NONNULL = YES;
				CLANG_ANALYZER_NUMBER_OBJECT_CONVERSION = YES_AGGRESSIVE;
				CLANG_CXX_LANGUAGE_STANDARD = "gnu++14";
				CLANG_CXX_LIBRARY = "libc++";
				CLANG_ENABLE_MODULES = YES;
				CLANG_ENABLE_OBJC_ARC = YES;
				CLANG_ENABLE_OBJC_WEAK = YES;
				CLANG_WARN_BLOCK_CAPTURE_AUTORELEASING = YES;
				CLANG_WARN_BOOL_CONVERSION = YES;
				CLANG_WARN_COMMA = YES;
				CLANG_WARN_CONSTANT_CONVERSION = YES;
				CLANG_WARN_DEPRECATED_OBJC_IMPLEMENTATIONS = YES;
				CLANG_WARN_DIRECT_OBJC_ISA_USAGE = YES_ERROR;
				CLANG_WARN_DOCUMENTATION_COMMENTS = YES;
				CLANG_WARN_EMPTY_BODY = YES;
				CLANG_WARN_ENUM_CONVERSION = YES;
				CLANG_WARN_INFINITE_RECURSION = YES;
				CLANG_WARN_INT_CONVERSION = YES;
				CLANG_WARN_NON_LITERAL_NULL_CONVERSION = YES;
				CLANG_WARN_OBJC_IMPLICIT_RETAIN_SELF = YES;
				CLANG_WARN_OBJC_LITERAL_CONVERSION = YES;
				CLANG_WARN_OBJC_ROOT_CLASS = YES_ERROR;
				CLANG_WARN_QUOTED_INCLUDE_IN_FRAMEWORK_HEADER = YES;
				CLANG_WARN_RANGE_LOOP_ANALYSIS = YES;
				CLANG_WARN_STRICT_PROTOTYPES = YES;
				CLANG_WARN_SUSPICIOUS_MOVE = YES;
				CLANG_WARN_UNGUARDED_AVAILABILITY = YES_AGGRESSIVE;
				CLANG_WARN_UNREACHABLE_CODE = YES;
				CLANG_WARN__DUPLICATE_METHOD_MATCH = YES;
				COPY_PHASE_STRIP = NO;
				DEBUG_INFORMATION_FORMAT = dwarf;
				ENABLE_STRICT_OBJC_MSGSEND = YES;
				ENABLE_TESTABILITY = YES;
				GCC_C_LANGUAGE_STANDARD = gnu11;
				GCC_DYNAMIC_NO_PIC = NO;
				GCC_NO_COMMON_BLOCKS = YES;
				GCC_OPTIMIZATION_LEVEL = 0;
				GCC_PREPROCESSOR_DEFINITIONS = (
					"DEBUG=1",
					"$(inherited)",
				);
				GCC_WARN_64_TO_32_BIT_CONVERSION = YES;
				GCC_WARN_ABOUT_RETURN_TYPE = YES_ERROR;
				GCC_WARN_UNDECLARED_SELECTOR = YES;
				GCC_WARN_UNINITIALIZED_AUTOS = YES_AGGRESSIVE;
				GCC_WARN_UNUSED_FUNCTION = YES;
				GCC_WARN_UNUSED_VARIABLE = YES;
				IPHONEOS_DEPLOYMENT_TARGET = 14.4;
				MTL_ENABLE_DEBUG_INFO = INCLUDE_SOURCE;
				MTL_FAST_MATH = YES;
				ONLY_ACTIVE_ARCH = YES;
				SDKROOT = iphoneos;
				SWIFT_ACTIVE_COMPILATION_CONDITIONS = DEBUG;
				SWIFT_OPTIMIZATION_LEVEL = "-Onone";
			};
			name = Debug;
		};
		D61BE90B25E9077F00633D32 /* Release */ = {
			isa = XCBuildConfiguration;
			buildSettings = {
				ALWAYS_SEARCH_USER_PATHS = NO;
				CLANG_ANALYZER_NONNULL = YES;
				CLANG_ANALYZER_NUMBER_OBJECT_CONVERSION = YES_AGGRESSIVE;
				CLANG_CXX_LANGUAGE_STANDARD = "gnu++14";
				CLANG_CXX_LIBRARY = "libc++";
				CLANG_ENABLE_MODULES = YES;
				CLANG_ENABLE_OBJC_ARC = YES;
				CLANG_ENABLE_OBJC_WEAK = YES;
				CLANG_WARN_BLOCK_CAPTURE_AUTORELEASING = YES;
				CLANG_WARN_BOOL_CONVERSION = YES;
				CLANG_WARN_COMMA = YES;
				CLANG_WARN_CONSTANT_CONVERSION = YES;
				CLANG_WARN_DEPRECATED_OBJC_IMPLEMENTATIONS = YES;
				CLANG_WARN_DIRECT_OBJC_ISA_USAGE = YES_ERROR;
				CLANG_WARN_DOCUMENTATION_COMMENTS = YES;
				CLANG_WARN_EMPTY_BODY = YES;
				CLANG_WARN_ENUM_CONVERSION = YES;
				CLANG_WARN_INFINITE_RECURSION = YES;
				CLANG_WARN_INT_CONVERSION = YES;
				CLANG_WARN_NON_LITERAL_NULL_CONVERSION = YES;
				CLANG_WARN_OBJC_IMPLICIT_RETAIN_SELF = YES;
				CLANG_WARN_OBJC_LITERAL_CONVERSION = YES;
				CLANG_WARN_OBJC_ROOT_CLASS = YES_ERROR;
				CLANG_WARN_QUOTED_INCLUDE_IN_FRAMEWORK_HEADER = YES;
				CLANG_WARN_RANGE_LOOP_ANALYSIS = YES;
				CLANG_WARN_STRICT_PROTOTYPES = YES;
				CLANG_WARN_SUSPICIOUS_MOVE = YES;
				CLANG_WARN_UNGUARDED_AVAILABILITY = YES_AGGRESSIVE;
				CLANG_WARN_UNREACHABLE_CODE = YES;
				CLANG_WARN__DUPLICATE_METHOD_MATCH = YES;
				COPY_PHASE_STRIP = NO;
				DEBUG_INFORMATION_FORMAT = "dwarf-with-dsym";
				ENABLE_NS_ASSERTIONS = NO;
				ENABLE_STRICT_OBJC_MSGSEND = YES;
				GCC_C_LANGUAGE_STANDARD = gnu11;
				GCC_NO_COMMON_BLOCKS = YES;
				GCC_WARN_64_TO_32_BIT_CONVERSION = YES;
				GCC_WARN_ABOUT_RETURN_TYPE = YES_ERROR;
				GCC_WARN_UNDECLARED_SELECTOR = YES;
				GCC_WARN_UNINITIALIZED_AUTOS = YES_AGGRESSIVE;
				GCC_WARN_UNUSED_FUNCTION = YES;
				GCC_WARN_UNUSED_VARIABLE = YES;
				IPHONEOS_DEPLOYMENT_TARGET = 14.4;
				MTL_ENABLE_DEBUG_INFO = NO;
				MTL_FAST_MATH = YES;
				SDKROOT = iphoneos;
				SWIFT_COMPILATION_MODE = wholemodule;
				SWIFT_OPTIMIZATION_LEVEL = "-O";
				VALIDATE_PRODUCT = YES;
			};
			name = Release;
		};
		D61BE90D25E9077F00633D32 /* Debug */ = {
			isa = XCBuildConfiguration;
			buildSettings = {
				ASSETCATALOG_COMPILER_APPICON_NAME = AppIcon;
				ASSETCATALOG_COMPILER_GLOBAL_ACCENT_COLOR_NAME = AccentColor;
				CODE_SIGN_STYLE = Automatic;
				DEVELOPMENT_TEAM = XXY5DGP7HA;
				INFOPLIST_FILE = Demo1/Info.plist;
				LD_RUNPATH_SEARCH_PATHS = (
					"$(inherited)",
					"@executable_path/Frameworks",
				);
				PRODUCT_BUNDLE_IDENTIFIER = com.Demo1;
				PRODUCT_NAME = "$(TARGET_NAME)";
				SWIFT_VERSION = 5.0;
				TARGETED_DEVICE_FAMILY = "1,2";
			};
			name = Debug;
		};
		D61BE90E25E9077F00633D32 /* Release */ = {
			isa = XCBuildConfiguration;
			buildSettings = {
				ASSETCATALOG_COMPILER_APPICON_NAME = AppIcon;
				ASSETCATALOG_COMPILER_GLOBAL_ACCENT_COLOR_NAME = AccentColor;
				CODE_SIGN_STYLE = Automatic;
				DEVELOPMENT_TEAM = XXY5DGP7HA;
				INFOPLIST_FILE = Demo1/Info.plist;
				LD_RUNPATH_SEARCH_PATHS = (
					"$(inherited)",
					"@executable_path/Frameworks",
				);
				PRODUCT_BUNDLE_IDENTIFIER = com.Demo1;
				PRODUCT_NAME = "$(TARGET_NAME)";
				SWIFT_VERSION = 5.0;
				TARGETED_DEVICE_FAMILY = "1,2";
			};
			name = Release;
		};
		D61BE91025E9077F00633D32 /* Debug */ = {
			isa = XCBuildConfiguration;
			buildSettings = {
				ALWAYS_EMBED_SWIFT_STANDARD_LIBRARIES = YES;
				BUNDLE_LOADER = "$(TEST_HOST)";
				CODE_SIGN_STYLE = Automatic;
				DEVELOPMENT_TEAM = XXY5DGP7HA;
				INFOPLIST_FILE = Demo1Tests/Info.plist;
				IPHONEOS_DEPLOYMENT_TARGET = 14.4;
				LD_RUNPATH_SEARCH_PATHS = (
					"$(inherited)",
					"@executable_path/Frameworks",
					"@loader_path/Frameworks",
				);
				PRODUCT_BUNDLE_IDENTIFIER = com.Demo1Tests;
				PRODUCT_NAME = "$(TARGET_NAME)";
				SWIFT_VERSION = 5.0;
				TARGETED_DEVICE_FAMILY = "1,2";
				TEST_HOST = "$(BUILT_PRODUCTS_DIR)/Demo1.app/Demo1";
			};
			name = Debug;
		};
		D61BE91125E9077F00633D32 /* Release */ = {
			isa = XCBuildConfiguration;
			buildSettings = {
				ALWAYS_EMBED_SWIFT_STANDARD_LIBRARIES = YES;
				BUNDLE_LOADER = "$(TEST_HOST)";
				CODE_SIGN_STYLE = Automatic;
				DEVELOPMENT_TEAM = XXY5DGP7HA;
				INFOPLIST_FILE = Demo1Tests/Info.plist;
				IPHONEOS_DEPLOYMENT_TARGET = 14.4;
				LD_RUNPATH_SEARCH_PATHS = (
					"$(inherited)",
					"@executable_path/Frameworks",
					"@loader_path/Frameworks",
				);
				PRODUCT_BUNDLE_IDENTIFIER = com.Demo1Tests;
				PRODUCT_NAME = "$(TARGET_NAME)";
				SWIFT_VERSION = 5.0;
				TARGETED_DEVICE_FAMILY = "1,2";
				TEST_HOST = "$(BUILT_PRODUCTS_DIR)/Demo1.app/Demo1";
			};
			name = Release;
		};
		D61BE91325E9077F00633D32 /* Debug */ = {
			isa = XCBuildConfiguration;
			buildSettings = {
				ALWAYS_EMBED_SWIFT_STANDARD_LIBRARIES = YES;
				CODE_SIGN_STYLE = Automatic;
				DEVELOPMENT_TEAM = XXY5DGP7HA;
				INFOPLIST_FILE = Demo1UITests/Info.plist;
				LD_RUNPATH_SEARCH_PATHS = (
					"$(inherited)",
					"@executable_path/Frameworks",
					"@loader_path/Frameworks",
				);
				PRODUCT_BUNDLE_IDENTIFIER = com.Demo1UITests;
				PRODUCT_NAME = "$(TARGET_NAME)";
				SWIFT_VERSION = 5.0;
				TARGETED_DEVICE_FAMILY = "1,2";
				TEST_TARGET_NAME = Demo1;
			};
			name = Debug;
		};
		D61BE91425E9077F00633D32 /* Release */ = {
			isa = XCBuildConfiguration;
			buildSettings = {
				ALWAYS_EMBED_SWIFT_STANDARD_LIBRARIES = YES;
				CODE_SIGN_STYLE = Automatic;
				DEVELOPMENT_TEAM = XXY5DGP7HA;
				INFOPLIST_FILE = Demo1UITests/Info.plist;
				LD_RUNPATH_SEARCH_PATHS = (
					"$(inherited)",
					"@executable_path/Frameworks",
					"@loader_path/Frameworks",
				);
				PRODUCT_BUNDLE_IDENTIFIER = com.Demo1UITests;
				PRODUCT_NAME = "$(TARGET_NAME)";
				SWIFT_VERSION = 5.0;
				TARGETED_DEVICE_FAMILY = "1,2";
				TEST_TARGET_NAME = Demo1;
			};
			name = Release;
		};
/* End XCBuildConfiguration section */

/* Begin XCConfigurationList section */
		D61BE8DD25E9077C00633D32 /* Build configuration list for PBXProject "Demo1" */ = {
			isa = XCConfigurationList;
			buildConfigurations = (
				D61BE90A25E9077F00633D32 /* Debug */,
				D61BE90B25E9077F00633D32 /* Release */,
			);
			defaultConfigurationIsVisible = 0;
			defaultConfigurationName = Release;
		};
		D61BE90C25E9077F00633D32 /* Build configuration list for PBXNativeTarget "Demo1" */ = {
			isa = XCConfigurationList;
			buildConfigurations = (
				D61BE90D25E9077F00633D32 /* Debug */,
				D61BE90E25E9077F00633D32 /* Release */,
			);
			defaultConfigurationIsVisible = 0;
			defaultConfigurationName = Release;
		};
		D61BE90F25E9077F00633D32 /* Build configuration list for PBXNativeTarget "Demo1Tests" */ = {
			isa = XCConfigurationList;
			buildConfigurations = (
				D61BE91025E9077F00633D32 /* Debug */,
				D61BE91125E9077F00633D32 /* Release */,
			);
			defaultConfigurationIsVisible = 0;
			defaultConfigurationName = Release;
		};
		D61BE91225E9077F00633D32 /* Build configuration list for PBXNativeTarget "Demo1UITests" */ = {
			isa = XCConfigurationList;
			buildConfigurations = (
				D61BE91325E9077F00633D32 /* Debug */,
				D61BE91425E9077F00633D32 /* Release */,
			);
			defaultConfigurationIsVisible = 0;
			defaultConfigurationName = Release;
		};
/* End XCConfigurationList section */
	};
	rootObject = D61BE8DA25E9077C00633D32 /* Project object */;
}
